
Microsoft Visual Studio Solution File, Format Version 12.00
# Visual Studio Version 16
VisualStudioVersion = 16.0.32126.315
MinimumVisualStudioVersion = 10.0.40219.1
Project("{9A19103F-16F7-4668-BE54-9A1E7A4F7556}") = "RiskierRain", "RiskierRain\RiskierRain.csproj", "{1CADEA57-5686-4068-94A8-0402C13A28FF}"
	ProjectSection(ProjectDependencies) = postProject
		{8EF62317-2F3A-4AF5-98DE-6CF766BB529A} = {8EF62317-2F3A-4AF5-98DE-6CF766BB529A}
		{A26E602F-96DF-4914-A513-8BFBF9630967} = {A26E602F-96DF-4914-A513-8BFBF9630967}
		{41A5BE5C-1379-4FED-B4DE-5920F0B4D9D5} = {41A5BE5C-1379-4FED-B4DE-5920F0B4D9D5}
		{6D27C489-F96C-4E87-8515-62339EB61136} = {6D27C489-F96C-4E87-8515-62339EB61136}
		{5F1C1993-C8FB-46BA-A088-1B0BA8E2EB9C} = {5F1C1993-C8FB-46BA-A088-1B0BA8E2EB9C}
		{238C98E7-2F09-4C20-B2D1-3F52DDF7BDC7} = {238C98E7-2F09-4C20-B2D1-3F52DDF7BDC7}
		{DEEF6AED-1F66-4DFA-AD15-2C468316FF3D} = {DEEF6AED-1F66-4DFA-AD15-2C468316FF3D}
		{A4D44BF4-4DAF-421C-8028-6E3BEAB911F2} = {A4D44BF4-4DAF-421C-8028-6E3BEAB911F2}
	EndProjectSection
EndProject
Project("{2150E333-8FDC-42A3-9474-1A3956D46DE8}") = "Solution Items", "Solution Items", "{C62FD910-E90E-42D1-863C-B15B3A177AD5}"
	ProjectSection(SolutionItems) = preProject
		.editorconfig = .editorconfig
	EndProjectSection
EndProject
Project("{9A19103F-16F7-4668-BE54-9A1E7A4F7556}") = "ChillRework", "ChillRework\ChillRework.csproj", "{8EF62317-2F3A-4AF5-98DE-6CF766BB529A}"
EndProject
Project("{9A19103F-16F7-4668-BE54-9A1E7A4F7556}") = "BorboStatUtils", "BorboStatUtils\BorboStatUtils.csproj", "{41A5BE5C-1379-4FED-B4DE-5920F0B4D9D5}"
EndProject
Project("{9A19103F-16F7-4668-BE54-9A1E7A4F7556}") = "NegativeRegenFix", "NegativeRegenFix\NegativeRegenFix.csproj", "{08B8379B-E045-4F59-B9F7-18D66AE32433}"
EndProject
Project("{9A19103F-16F7-4668-BE54-9A1E7A4F7556}") = "RiskierRainContent", "RiskierRainContent\RiskierRainContent.csproj", "{BC53782F-4ABA-4DD3-9CB6-BCA1AD5A46DE}"
	ProjectSection(ProjectDependencies) = postProject
		{6D27C489-F96C-4E87-8515-62339EB61136} = {6D27C489-F96C-4E87-8515-62339EB61136}
		{5F1C1993-C8FB-46BA-A088-1B0BA8E2EB9C} = {5F1C1993-C8FB-46BA-A088-1B0BA8E2EB9C}
		{238C98E7-2F09-4C20-B2D1-3F52DDF7BDC7} = {238C98E7-2F09-4C20-B2D1-3F52DDF7BDC7}
		{DEEF6AED-1F66-4DFA-AD15-2C468316FF3D} = {DEEF6AED-1F66-4DFA-AD15-2C468316FF3D}
		{A4D44BF4-4DAF-421C-8028-6E3BEAB911F2} = {A4D44BF4-4DAF-421C-8028-6E3BEAB911F2}
	EndProjectSection
EndProject
Project("{9A19103F-16F7-4668-BE54-9A1E7A4F7556}") = "MissileRework", "MissileRework\MissileRework.csproj", "{6D27C489-F96C-4E87-8515-62339EB61136}"
EndProject
Project("{9A19103F-16F7-4668-BE54-9A1E7A4F7556}") = "Ror2AggroTools", "Ror2AggroTools\Ror2AggroTools.csproj", "{DEEF6AED-1F66-4DFA-AD15-2C468316FF3D}"
EndProject
Project("{9A19103F-16F7-4668-BE54-9A1E7A4F7556}") = "JumpRework", "JumpRework\JumpRework.csproj", "{A4D44BF4-4DAF-421C-8028-6E3BEAB911F2}"
	ProjectSection(ProjectDependencies) = postProject
		{6D27C489-F96C-4E87-8515-62339EB61136} = {6D27C489-F96C-4E87-8515-62339EB61136}
		{28AAADB2-38F0-4D1E-AB68-69C649769E96} = {28AAADB2-38F0-4D1E-AB68-69C649769E96}
	EndProjectSection
EndProject
Project("{9A19103F-16F7-4668-BE54-9A1E7A4F7556}") = "BarrierRework", "BarrierRework\BarrierRework.csproj", "{5F1C1993-C8FB-46BA-A088-1B0BA8E2EB9C}"
EndProject
Project("{9A19103F-16F7-4668-BE54-9A1E7A4F7556}") = "BossDropRework", "BossDropRework\BossDropRework.csproj", "{238C98E7-2F09-4C20-B2D1-3F52DDF7BDC7}"
EndProject
Project("{9A19103F-16F7-4668-BE54-9A1E7A4F7556}") = "DynamicJump", "DynamicJump\DynamicJump.csproj", "{28AAADB2-38F0-4D1E-AB68-69C649769E96}"
EndProject
Project("{9A19103F-16F7-4668-BE54-9A1E7A4F7556}") = "SwanSongExtended", "SwanSongExtended\SwanSongExtended.csproj", "{A26E602F-96DF-4914-A513-8BFBF9630967}"
EndProject
Global
	GlobalSection(SolutionConfigurationPlatforms) = preSolution
		Debug|Any CPU = Debug|Any CPU
		Release|Any CPU = Release|Any CPU
	EndGlobalSection
	GlobalSection(ProjectConfigurationPlatforms) = postSolution
		{1CADEA57-5686-4068-94A8-0402C13A28FF}.Debug|Any CPU.ActiveCfg = Debug|Any CPU
		{1CADEA57-5686-4068-94A8-0402C13A28FF}.Debug|Any CPU.Build.0 = Debug|Any CPU
		{1CADEA57-5686-4068-94A8-0402C13A28FF}.Release|Any CPU.ActiveCfg = Release|Any CPU
		{1CADEA57-5686-4068-94A8-0402C13A28FF}.Release|Any CPU.Build.0 = Release|Any CPU
		{8EF62317-2F3A-4AF5-98DE-6CF766BB529A}.Debug|Any CPU.ActiveCfg = Debug|Any CPU
		{8EF62317-2F3A-4AF5-98DE-6CF766BB529A}.Debug|Any CPU.Build.0 = Debug|Any CPU
		{8EF62317-2F3A-4AF5-98DE-6CF766BB529A}.Release|Any CPU.ActiveCfg = Release|Any CPU
		{8EF62317-2F3A-4AF5-98DE-6CF766BB529A}.Release|Any CPU.Build.0 = Release|Any CPU
		{41A5BE5C-1379-4FED-B4DE-5920F0B4D9D5}.Debug|Any CPU.ActiveCfg = Debug|Any CPU
		{41A5BE5C-1379-4FED-B4DE-5920F0B4D9D5}.Debug|Any CPU.Build.0 = Debug|Any CPU
		{41A5BE5C-1379-4FED-B4DE-5920F0B4D9D5}.Release|Any CPU.ActiveCfg = Release|Any CPU
		{41A5BE5C-1379-4FED-B4DE-5920F0B4D9D5}.Release|Any CPU.Build.0 = Release|Any CPU
		{08B8379B-E045-4F59-B9F7-18D66AE32433}.Debug|Any CPU.ActiveCfg = Debug|Any CPU
		{08B8379B-E045-4F59-B9F7-18D66AE32433}.Debug|Any CPU.Build.0 = Debug|Any CPU
		{08B8379B-E045-4F59-B9F7-18D66AE32433}.Release|Any CPU.ActiveCfg = Release|Any CPU
		{08B8379B-E045-4F59-B9F7-18D66AE32433}.Release|Any CPU.Build.0 = Release|Any CPU
		{BC53782F-4ABA-4DD3-9CB6-BCA1AD5A46DE}.Debug|Any CPU.ActiveCfg = Debug|Any CPU
		{BC53782F-4ABA-4DD3-9CB6-BCA1AD5A46DE}.Debug|Any CPU.Build.0 = Debug|Any CPU
		{BC53782F-4ABA-4DD3-9CB6-BCA1AD5A46DE}.Release|Any CPU.ActiveCfg = Release|Any CPU
		{BC53782F-4ABA-4DD3-9CB6-BCA1AD5A46DE}.Release|Any CPU.Build.0 = Release|Any CPU
		{6D27C489-F96C-4E87-8515-62339EB61136}.Debug|Any CPU.ActiveCfg = Debug|Any CPU
		{6D27C489-F96C-4E87-8515-62339EB61136}.Debug|Any CPU.Build.0 = Debug|Any CPU
		{6D27C489-F96C-4E87-8515-62339EB61136}.Release|Any CPU.ActiveCfg = Release|Any CPU
		{6D27C489-F96C-4E87-8515-62339EB61136}.Release|Any CPU.Build.0 = Release|Any CPU
		{DEEF6AED-1F66-4DFA-AD15-2C468316FF3D}.Debug|Any CPU.ActiveCfg = Debug|Any CPU
		{DEEF6AED-1F66-4DFA-AD15-2C468316FF3D}.Debug|Any CPU.Build.0 = Debug|Any CPU
		{DEEF6AED-1F66-4DFA-AD15-2C468316FF3D}.Release|Any CPU.ActiveCfg = Release|Any CPU
		{DEEF6AED-1F66-4DFA-AD15-2C468316FF3D}.Release|Any CPU.Build.0 = Release|Any CPU
		{A4D44BF4-4DAF-421C-8028-6E3BEAB911F2}.Debug|Any CPU.ActiveCfg = Debug|Any CPU
		{A4D44BF4-4DAF-421C-8028-6E3BEAB911F2}.Debug|Any CPU.Build.0 = Debug|Any CPU
		{A4D44BF4-4DAF-421C-8028-6E3BEAB911F2}.Release|Any CPU.ActiveCfg = Release|Any CPU
		{A4D44BF4-4DAF-421C-8028-6E3BEAB911F2}.Release|Any CPU.Build.0 = Release|Any CPU
		{5F1C1993-C8FB-46BA-A088-1B0BA8E2EB9C}.Debug|Any CPU.ActiveCfg = Debug|Any CPU
		{5F1C1993-C8FB-46BA-A088-1B0BA8E2EB9C}.Debug|Any CPU.Build.0 = Debug|Any CPU
		{5F1C1993-C8FB-46BA-A088-1B0BA8E2EB9C}.Release|Any CPU.ActiveCfg = Release|Any CPU
		{5F1C1993-C8FB-46BA-A088-1B0BA8E2EB9C}.Release|Any CPU.Build.0 = Release|Any CPU
		{238C98E7-2F09-4C20-B2D1-3F52DDF7BDC7}.Debug|Any CPU.ActiveCfg = Debug|Any CPU
		{238C98E7-2F09-4C20-B2D1-3F52DDF7BDC7}.Debug|Any CPU.Build.0 = Debug|Any CPU
		{238C98E7-2F09-4C20-B2D1-3F52DDF7BDC7}.Release|Any CPU.ActiveCfg = Release|Any CPU
		{238C98E7-2F09-4C20-B2D1-3F52DDF7BDC7}.Release|Any CPU.Build.0 = Release|Any CPU
		{28AAADB2-38F0-4D1E-AB68-69C649769E96}.Debug|Any CPU.ActiveCfg = Debug|Any CPU
		{28AAADB2-38F0-4D1E-AB68-69C649769E96}.Debug|Any CPU.Build.0 = Debug|Any CPU
		{28AAADB2-38F0-4D1E-AB68-69C649769E96}.Release|Any CPU.ActiveCfg = Release|Any CPU
		{28AAADB2-38F0-4D1E-AB68-69C649769E96}.Release|Any CPU.Build.0 = Release|Any CPU
		{A26E602F-96DF-4914-A513-8BFBF9630967}.Debug|Any CPU.ActiveCfg = Debug|Any CPU
		{A26E602F-96DF-4914-A513-8BFBF9630967}.Debug|Any CPU.Build.0 = Debug|Any CPU
		{A26E602F-96DF-4914-A513-8BFBF9630967}.Release|Any CPU.ActiveCfg = Release|Any CPU
		{A26E602F-96DF-4914-A513-8BFBF9630967}.Release|Any CPU.Build.0 = Release|Any CPU
	EndGlobalSection
	GlobalSection(SolutionProperties) = preSolution
		HideSolutionNode = FALSE
	EndGlobalSection
	GlobalSection(ExtensibilityGlobals) = postSolution
		SolutionGuid = {EC1AB492-EDEB-4C86-909C-480C508F6F7C}
	EndGlobalSection
EndGlobal
